
Microsoft Visual Studio Solution File, Format Version 12.00
# Visual Studio Version 17
VisualStudioVersion = 17.5.33516.290
MinimumVisualStudioVersion = 10.0.40219.1
Project("{9A19103F-16F7-4668-BE54-9A1E7A4F7556}") = "RoslynCat", "RolsynCat\RoslynCat.csproj", "{DBD21AF5-4926-4A99-8454-8B81F0FD83F0}"
EndProject
Project("{9A19103F-16F7-4668-BE54-9A1E7A4F7556}") = "BlazorApp1", "..\BlazorApp1\BlazorApp1.csproj", "{86A91CA4-7FD2-46AC-8DC8-4D5A62A661B4}"
EndProject
Global
	GlobalSection(SolutionConfigurationPlatforms) = preSolution
		Debug|Any CPU = Debug|Any CPU
		Release|Any CPU = Release|Any CPU
	EndGlobalSection
	GlobalSection(ProjectConfigurationPlatforms) = postSolution
		{DBD21AF5-4926-4A99-8454-8B81F0FD83F0}.Debug|Any CPU.ActiveCfg = Debug|Any CPU
		{DBD21AF5-4926-4A99-8454-8B81F0FD83F0}.Debug|Any CPU.Build.0 = Debug|Any CPU
		{DBD21AF5-4926-4A99-8454-8B81F0FD83F0}.Release|Any CPU.ActiveCfg = Release|Any CPU
		{DBD21AF5-4926-4A99-8454-8B81F0FD83F0}.Release|Any CPU.Build.0 = Release|Any CPU
		{86A91CA4-7FD2-46AC-8DC8-4D5A62A661B4}.Debug|Any CPU.ActiveCfg = Debug|Any CPU
		{86A91CA4-7FD2-46AC-8DC8-4D5A62A661B4}.Debug|Any CPU.Build.0 = Debug|Any CPU
		{86A91CA4-7FD2-46AC-8DC8-4D5A62A661B4}.Release|Any CPU.ActiveCfg = Release|Any CPU
		{86A91CA4-7FD2-46AC-8DC8-4D5A62A661B4}.Release|Any CPU.Build.0 = Release|Any CPU
	EndGlobalSection
	GlobalSection(SolutionProperties) = preSolution
		HideSolutionNode = FALSE
	EndGlobalSection
	GlobalSection(ExtensibilityGlobals) = postSolution
		SolutionGuid = {2D157A6C-BD8D-4936-8D57-4D0EF9B89F64}
	EndGlobalSection
EndGlobal
